PODS:
  - Alamofire (5.5.0)
  - JGProgressHUD (2.2)
  - Kingfisher (5.15.8):
    - Kingfisher/Core (= 5.15.8)
  - Kingfisher/Core (5.15.8)

DEPENDENCIES:
  - Alamofire (= 5.5.0)
  - JGProgressHUD (= 2.2.0)
  - Kingfisher (= 5.15.8)

SPEC REPOS:
  https://github.com/CocoaPods/Specs.git:
    - Alamofire
    - JGProgressHUD
    - Kingfisher

SPEC CHECKSUMS:
  Alamofire: 1c4fb5369c3fe93d2857c780d8bbe09f06f97e7c
  JGProgressHUD: d83d7a981b85d11205e19ff8ad5bb9c40571c847
  Kingfisher: a3c03d702433fa6cfedabb2bddbe076fb8f2e902

PODFILE CHECKSUM: ace6b9a2a2bcba57a6825f4eb8f08bd7a0a09145

COCOAPODS: 1.11.2
